lockfileVersion: '6.0'

settings:
  autoInstallPeers: true
  excludeLinksFromLockfile: false

dependencies:
  '@ffmpeg-installer/ffmpeg':
    specifier: ^1.1.0
    version: 1.1.0
  got:
    specifier: ^14.0.0
    version: 14.0.0
  m3u8-parser:
    specifier: ^7.1.0
    version: 7.1.0

packages:

  /@babel/runtime@7.23.8:
    resolution: {integrity: sha512-Y7KbAP984rn1VGMbGqKmBLio9V7y5Je9GvU4rQPCPinCyNfUcToxIXl06d59URp/F3LwinvODxab5N/G6qggkw==, tarball: https://registry.npmmirror.com/@babel/runtime/-/runtime-7.23.8.tgz}
    engines: {node: '>=6.9.0'}
    dependencies:
      regenerator-runtime: 0.14.1
    dev: false

  /@ffmpeg-installer/darwin-arm64@4.1.5:
    resolution: {integrity: sha512-hYqTiP63mXz7wSQfuqfFwfLOfwwFChUedeCVKkBtl/cliaTM7/ePI9bVzfZ2c+dWu3TqCwLDRWNSJ5pqZl8otA==, tarball: https://registry.npmmirror.com/@ffmpeg-installer/darwin-arm64/-/darwin-arm64-4.1.5.tgz}
    cpu: [arm64]
    os: [darwin]
    requiresBuild: true
    dev: false
    optional: true

  /@ffmpeg-installer/darwin-x64@4.1.0:
    resolution: {integrity: sha512-Z4EyG3cIFjdhlY8wI9aLUXuH8nVt7E9SlMVZtWvSPnm2sm37/yC2CwjUzyCQbJbySnef1tQwGG2Sx+uWhd9IAw==, tarball: https://registry.npmmirror.com/@ffmpeg-installer/darwin-x64/-/darwin-x64-4.1.0.tgz}
    cpu: [x64]
    os: [darwin]
    requiresBuild: true
    dev: false
    optional: true

  /@ffmpeg-installer/ffmpeg@1.1.0:
    resolution: {integrity: sha512-Uq4rmwkdGxIa9A6Bd/VqqYbT7zqh1GrT5/rFwCwKM70b42W5gIjWeVETq6SdcL0zXqDtY081Ws/iJWhr1+xvQg==, tarball: https://registry.npmmirror.com/@ffmpeg-installer/ffmpeg/-/ffmpeg-1.1.0.tgz}
    optionalDependencies:
      '@ffmpeg-installer/darwin-arm64': 4.1.5
      '@ffmpeg-installer/darwin-x64': 4.1.0
      '@ffmpeg-installer/linux-arm': 4.1.3
      '@ffmpeg-installer/linux-arm64': 4.1.4
      '@ffmpeg-installer/linux-ia32': 4.1.0
      '@ffmpeg-installer/linux-x64': 4.1.0
      '@ffmpeg-installer/win32-ia32': 4.1.0
      '@ffmpeg-installer/win32-x64': 4.1.0
    dev: false

  /@ffmpeg-installer/linux-arm64@4.1.4:
    resolution: {integrity: sha512-dljEqAOD0oIM6O6DxBW9US/FkvqvQwgJ2lGHOwHDDwu/pX8+V0YsDL1xqHbj1DMX/+nP9rxw7G7gcUvGspSoKg==, tarball: https://registry.npmmirror.com/@ffmpeg-installer/linux-arm64/-/linux-arm64-4.1.4.tgz}
    cpu: [arm64]
    os: [linux]
    requiresBuild: true
    dev: false
    optional: true

  /@ffmpeg-installer/linux-arm@4.1.3:
    resolution: {integrity: sha512-NDf5V6l8AfzZ8WzUGZ5mV8O/xMzRag2ETR6+TlGIsMHp81agx51cqpPItXPib/nAZYmo55Bl2L6/WOMI3A5YRg==, tarball: https://registry.npmmirror.com/@ffmpeg-installer/linux-arm/-/linux-arm-4.1.3.tgz}
    cpu: [arm]
    os: [linux]
    requiresBuild: true
    dev: false
    optional: true

  /@ffmpeg-installer/linux-ia32@4.1.0:
    resolution: {integrity: sha512-0LWyFQnPf+Ij9GQGD034hS6A90URNu9HCtQ5cTqo5MxOEc7Rd8gLXrJvn++UmxhU0J5RyRE9KRYstdCVUjkNOQ==, tarball: https://registry.npmmirror.com/@ffmpeg-installer/linux-ia32/-/linux-ia32-4.1.0.tgz}
    cpu: [ia32]
    os: [linux]
    requiresBuild: true
    dev: false
    optional: true

  /@ffmpeg-installer/linux-x64@4.1.0:
    resolution: {integrity: sha512-Y5BWhGLU/WpQjOArNIgXD3z5mxxdV8c41C+U15nsE5yF8tVcdCGet5zPs5Zy3Ta6bU7haGpIzryutqCGQA/W8A==, tarball: https://registry.npmmirror.com/@ffmpeg-installer/linux-x64/-/linux-x64-4.1.0.tgz}
    cpu: [x64]
    os: [linux]
    requiresBuild: true
    dev: false
    optional: true

  /@ffmpeg-installer/win32-ia32@4.1.0:
    resolution: {integrity: sha512-FV2D7RlaZv/lrtdhaQ4oETwoFUsUjlUiasiZLDxhEUPdNDWcH1OU9K1xTvqz+OXLdsmYelUDuBS/zkMOTtlUAw==, tarball: https://registry.npmmirror.com/@ffmpeg-installer/win32-ia32/-/win32-ia32-4.1.0.tgz}
    cpu: [ia32]
    os: [win32]
    requiresBuild: true
    dev: false
    optional: true

  /@ffmpeg-installer/win32-x64@4.1.0:
    resolution: {integrity: sha512-Drt5u2vzDnIONf4ZEkKtFlbvwj6rI3kxw1Ck9fpudmtgaZIHD4ucsWB2lCZBXRxJgXR+2IMSti+4rtM4C4rXgg==, tarball: https://registry.npmmirror.com/@ffmpeg-installer/win32-x64/-/win32-x64-4.1.0.tgz}
    cpu: [x64]
    os: [win32]
    requiresBuild: true
    dev: false
    optional: true

  /@sindresorhus/is@6.1.0:
    resolution: {integrity: sha512-BuvU07zq3tQ/2SIgBsEuxKYDyDjC0n7Zir52bpHy2xnBbW81+po43aLFPLbeV3HRAheFbGud1qgcqSYfhtHMAg==, tarball: https://registry.npmmirror.com/@sindresorhus/is/-/is-6.1.0.tgz}
    engines: {node: '>=16'}
    dev: false

  /@szmarczak/http-timer@5.0.1:
    resolution: {integrity: sha512-+PmQX0PiAYPMeVYe237LJAYvOMYW1j2rH5YROyS3b4CTVJum34HfRvKvAzozHAQG0TnHNdUfY9nCeUyRAs//cw==, tarball: https://registry.npmmirror.com/@szmarczak/http-timer/-/http-timer-5.0.1.tgz}
    engines: {node: '>=14.16'}
    dependencies:
      defer-to-connect: 2.0.1
    dev: false

  /@types/http-cache-semantics@4.0.4:
    resolution: {integrity: sha512-1m0bIFVc7eJWyve9S0RnuRgcQqF/Xd5QsUZAZeQFr1Q3/p9JWoQQEqmVy+DPTNpGXwhgIetAoYF8JSc33q29QA==, tarball: https://registry.npmmirror.com/@types/http-cache-semantics/-/http-cache-semantics-4.0.4.tgz}
    dev: false

  /@videojs/vhs-utils@3.0.5:
    resolution: {integrity: sha512-PKVgdo8/GReqdx512F+ombhS+Bzogiofy1LgAj4tN8PfdBx3HSS7V5WfJotKTqtOWGwVfSWsrYN/t09/DSryrw==, tarball: https://registry.npmmirror.com/@videojs/vhs-utils/-/vhs-utils-3.0.5.tgz}
    engines: {node: '>=8', npm: '>=5'}
    dependencies:
      '@babel/runtime': 7.23.8
      global: 4.4.0
      url-toolkit: 2.2.5
    dev: false

  /cacheable-lookup@7.0.0:
    resolution: {integrity: sha512-+qJyx4xiKra8mZrcwhjMRMUhD5NR1R8esPkzIYxX96JiecFoxAXFuz/GpR3+ev4PE1WamHip78wV0vcmPQtp8w==, tarball: https://registry.npmmirror.com/cacheable-lookup/-/cacheable-lookup-7.0.0.tgz}
    engines: {node: '>=14.16'}
    dev: false

  /cacheable-request@10.2.14:
    resolution: {integrity: sha512-zkDT5WAF4hSSoUgyfg5tFIxz8XQK+25W/TLVojJTMKBaxevLBBtLxgqguAuVQB8PVW79FVjHcU+GJ9tVbDZ9mQ==, tarball: https://registry.npmmirror.com/cacheable-request/-/cacheable-request-10.2.14.tgz}
    engines: {node: '>=14.16'}
    dependencies:
      '@types/http-cache-semantics': 4.0.4
      get-stream: 6.0.1
      http-cache-semantics: 4.1.1
      keyv: 4.5.4
      mimic-response: 4.0.0
      normalize-url: 8.0.0
      responselike: 3.0.0
    dev: false

  /decompress-response@6.0.0:
    resolution: {integrity: sha512-aW35yZM6Bb/4oJlZncMH2LCoZtJXTRxES17vE3hoRiowU2kWHaJKFkSBDnDR+cm9J+9QhXmREyIfv0pji9ejCQ==, tarball: https://registry.npmmirror.com/decompress-response/-/decompress-response-6.0.0.tgz}
    engines: {node: '>=10'}
    dependencies:
      mimic-response: 3.1.0
    dev: false

  /defer-to-connect@2.0.1:
    resolution: {integrity: sha512-4tvttepXG1VaYGrRibk5EwJd1t4udunSOVMdLSAL6mId1ix438oPwPZMALY41FCijukO1L0twNcGsdzS7dHgDg==, tarball: https://registry.npmmirror.com/defer-to-connect/-/defer-to-connect-2.0.1.tgz}
    engines: {node: '>=10'}
    dev: false

  /dom-walk@0.1.2:
    resolution: {integrity: sha512-6QvTW9mrGeIegrFXdtQi9pk7O/nSK6lSdXW2eqUspN5LWD7UTji2Fqw5V2YLjBpHEoU9Xl/eUWNpDeZvoyOv2w==, tarball: https://registry.npmmirror.com/dom-walk/-/dom-walk-0.1.2.tgz}
    dev: false

  /form-data-encoder@4.0.2:
    resolution: {integrity: sha512-KQVhvhK8ZkWzxKxOr56CPulAhH3dobtuQ4+hNQ+HekH/Wp5gSOafqRAeTphQUJAIk0GBvHZgJ2ZGRWd5kphMuw==, tarball: https://registry.npmmirror.com/form-data-encoder/-/form-data-encoder-4.0.2.tgz}
    engines: {node: '>= 18'}
    dev: false

  /get-stream@6.0.1:
    resolution: {integrity: sha512-ts6Wi+2j3jQjqi70w5AlN8DFnkSwC+MqmxEzdEALB2qXZYV3X/b1CTfgPLGJNMeAWxdPfU8FO1ms3NUfaHCPYg==, tarball: https://registry.npmmirror.com/get-stream/-/get-stream-6.0.1.tgz}
    engines: {node: '>=10'}
    dev: false

  /get-stream@8.0.1:
    resolution: {integrity: sha512-VaUJspBffn/LMCJVoMvSAdmscJyS1auj5Zulnn5UoYcY531UWmdwhRWkcGKnGU93m5HSXP9LP2usOryrBtQowA==, tarball: https://registry.npmmirror.com/get-stream/-/get-stream-8.0.1.tgz}
    engines: {node: '>=16'}
    dev: false

  /global@4.4.0:
    resolution: {integrity: sha512-wv/LAoHdRE3BeTGz53FAamhGlPLhlssK45usmGFThIi4XqnBmjKQ16u+RNbP7WvigRZDxUsM0J3gcQ5yicaL0w==, tarball: https://registry.npmmirror.com/global/-/global-4.4.0.tgz}
    dependencies:
      min-document: 2.19.0
      process: 0.11.10
    dev: false

  /got@14.0.0:
    resolution: {integrity: sha512-X01vTgaX9SwaMq5DfImvS+3GMQFFs5HtrrlS9CuzUSzkxAf/tWGEyynuI+Qy7BjciMczZGjyVSmawYbP4eYhYA==, tarball: https://registry.npmmirror.com/got/-/got-14.0.0.tgz}
    engines: {node: '>=20'}
    dependencies:
      '@sindresorhus/is': 6.1.0
      '@szmarczak/http-timer': 5.0.1
      cacheable-lookup: 7.0.0
      cacheable-request: 10.2.14
      decompress-response: 6.0.0
      form-data-encoder: 4.0.2
      get-stream: 8.0.1
      http2-wrapper: 2.2.1
      lowercase-keys: 3.0.0
      p-cancelable: 4.0.1
      responselike: 3.0.0
    dev: false

  /http-cache-semantics@4.1.1:
    resolution: {integrity: sha512-er295DKPVsV82j5kw1Gjt+ADA/XYHsajl82cGNQG2eyoPkvgUhX+nDIyelzhIWbbsXP39EHcI6l5tYs2FYqYXQ==, tarball: https://registry.npmmirror.com/http-cache-semantics/-/http-cache-semantics-4.1.1.tgz}
    dev: false

  /http2-wrapper@2.2.1:
    resolution: {integrity: sha512-V5nVw1PAOgfI3Lmeaj2Exmeg7fenjhRUgz1lPSezy1CuhPYbgQtbQj4jZfEAEMlaL+vupsvhjqCyjzob0yxsmQ==, tarball: https://registry.npmmirror.com/http2-wrapper/-/http2-wrapper-2.2.1.tgz}
    engines: {node: '>=10.19.0'}
    dependencies:
      quick-lru: 5.1.1
      resolve-alpn: 1.2.1
    dev: false

  /json-buffer@3.0.1:
    resolution: {integrity: sha512-4bV5BfR2mqfQTJm+V5tPPdf+ZpuhiIvTuAB5g8kcrXOZpTT/QwwVRWBywX1ozr6lEuPdbHxwaJlm9G6mI2sfSQ==, tarball: https://registry.npmmirror.com/json-buffer/-/json-buffer-3.0.1.tgz}
    dev: false

  /keyv@4.5.4:
    resolution: {integrity: sha512-oxVHkHR/EJf2CNXnWxRLW6mg7JyCCUcG0DtEGmL2ctUo1PNTin1PUil+r/+4r5MpVgC/fn1kjsx7mjSujKqIpw==, tarball: https://registry.npmmirror.com/keyv/-/keyv-4.5.4.tgz}
    dependencies:
      json-buffer: 3.0.1
    dev: false

  /lowercase-keys@3.0.0:
    resolution: {integrity: sha512-ozCC6gdQ+glXOQsveKD0YsDy8DSQFjDTz4zyzEHNV5+JP5D62LmfDZ6o1cycFx9ouG940M5dE8C8CTewdj2YWQ==, tarball: https://registry.npmmirror.com/lowercase-keys/-/lowercase-keys-3.0.0.tgz}
    engines: {node: ^12.20.0 || ^14.13.1 || >=16.0.0}
    dev: false

  /m3u8-parser@7.1.0:
    resolution: {integrity: sha512-7N+pk79EH4oLKPEYdgRXgAsKDyA/VCo0qCHlUwacttQA0WqsjZQYmNfywMvjlY9MpEBVZEt0jKFd73Kv15EBYQ==, tarball: https://registry.npmmirror.com/m3u8-parser/-/m3u8-parser-7.1.0.tgz}
    dependencies:
      '@babel/runtime': 7.23.8
      '@videojs/vhs-utils': 3.0.5
      global: 4.4.0
    dev: false

  /mimic-response@3.1.0:
    resolution: {integrity: sha512-z0yWI+4FDrrweS8Zmt4Ej5HdJmky15+L2e6Wgn3+iK5fWzb6T3fhNFq2+MeTRb064c6Wr4N/wv0DzQTjNzHNGQ==, tarball: https://registry.npmmirror.com/mimic-response/-/mimic-response-3.1.0.tgz}
    engines: {node: '>=10'}
    dev: false

  /mimic-response@4.0.0:
    resolution: {integrity: sha512-e5ISH9xMYU0DzrT+jl8q2ze9D6eWBto+I8CNpe+VI+K2J/F/k3PdkdTdz4wvGVH4NTpo+NRYTVIuMQEMMcsLqg==, tarball: https://registry.npmmirror.com/mimic-response/-/mimic-response-4.0.0.tgz}
    engines: {node: ^12.20.0 || ^14.13.1 || >=16.0.0}
    dev: false

  /min-document@2.19.0:
    resolution: {integrity: sha512-9Wy1B3m3f66bPPmU5hdA4DR4PB2OfDU/+GS3yAB7IQozE3tqXaVv2zOjgla7MEGSRv95+ILmOuvhLkOK6wJtCQ==, tarball: https://registry.npmmirror.com/min-document/-/min-document-2.19.0.tgz}
    dependencies:
      dom-walk: 0.1.2
    dev: false

  /normalize-url@8.0.0:
    resolution: {integrity: sha512-uVFpKhj5MheNBJRTiMZ9pE/7hD1QTeEvugSJW/OmLzAp78PB5O6adfMNTvmfKhXBkvCzC+rqifWcVYpGFwTjnw==, tarball: https://registry.npmmirror.com/normalize-url/-/normalize-url-8.0.0.tgz}
    engines: {node: '>=14.16'}
    dev: false

  /p-cancelable@4.0.1:
    resolution: {integrity: sha512-wBowNApzd45EIKdO1LaU+LrMBwAcjfPaYtVzV3lmfM3gf8Z4CHZsiIqlM8TZZ8okYvh5A1cP6gTfCRQtwUpaUg==, tarball: https://registry.npmmirror.com/p-cancelable/-/p-cancelable-4.0.1.tgz}
    engines: {node: '>=14.16'}
    dev: false

  /process@0.11.10:
    resolution: {integrity: sha512-cdGef/drWFoydD1JsMzuFf8100nZl+GT+yacc2bEced5f9Rjk4z+WtFUTBu9PhOi9j/jfmBPu0mMEY4wIdAF8A==, tarball: https://registry.npmmirror.com/process/-/process-0.11.10.tgz}
    engines: {node: '>= 0.6.0'}
    dev: false

  /quick-lru@5.1.1:
    resolution: {integrity: sha512-WuyALRjWPDGtt/wzJiadO5AXY+8hZ80hVpe6MyivgraREW751X3SbhRvG3eLKOYN+8VEvqLcf3wdnt44Z4S4SA==, tarball: https://registry.npmmirror.com/quick-lru/-/quick-lru-5.1.1.tgz}
    engines: {node: '>=10'}
    dev: false

  /regenerator-runtime@0.14.1:
    resolution: {integrity: sha512-dYnhHh0nJoMfnkZs6GmmhFknAGRrLznOu5nc9ML+EJxGvrx6H7teuevqVqCuPcPK//3eDrrjQhehXVx9cnkGdw==, tarball: https://registry.npmmirror.com/regenerator-runtime/-/regenerator-runtime-0.14.1.tgz}
    dev: false

  /resolve-alpn@1.2.1:
    resolution: {integrity: sha512-0a1F4l73/ZFZOakJnQ3FvkJ2+gSTQWz/r2KE5OdDY0TxPm5h4GkqkWWfM47T7HsbnOtcJVEF4epCVy6u7Q3K+g==, tarball: https://registry.npmmirror.com/resolve-alpn/-/resolve-alpn-1.2.1.tgz}
    dev: false

  /responselike@3.0.0:
    resolution: {integrity: sha512-40yHxbNcl2+rzXvZuVkrYohathsSJlMTXKryG5y8uciHv1+xDLHQpgjG64JUO9nrEq2jGLH6IZ8BcZyw3wrweg==, tarball: https://registry.npmmirror.com/responselike/-/responselike-3.0.0.tgz}
    engines: {node: '>=14.16'}
    dependencies:
      lowercase-keys: 3.0.0
    dev: false

  /url-toolkit@2.2.5:
    resolution: {integrity: sha512-mtN6xk+Nac+oyJ/PrI7tzfmomRVNFIWKUbG8jdYFt52hxbiReFAXIjYskvu64/dvuW71IcB7lV8l0HvZMac6Jg==, tarball: https://registry.npmmirror.com/url-toolkit/-/url-toolkit-2.2.5.tgz}
    dev: false
